{
  "name": "drupal-raven",
  "lockfileVersion": 3,
  "requires": true,
  "packages": {
    "": {
      "name": "drupal-raven",
      "hasInstallScript": true,
      "license": "GPL-2.0-or-later",
      "devDependencies": {
        "@hapi/bourne": "^3.0.0",
        "@sentry/browser": "^10.4.0",
        "got": "^14.4.5",
        "js-yaml": "^4.1.0"
      }
    },
    "node_modules/@hapi/bourne": {
      "version": "3.0.0",
      "resolved": "https://registry.npmjs.org/@hapi/bourne/-/bourne-3.0.0.tgz",
      "integrity": "sha512-Waj1cwPXJDucOib4a3bAISsKJVb15MKi9IvmTI/7ssVEm6sywXGjVJDhl6/umt1pK1ZS7PacXU3A1PmFKHEZ2w==",
      "dev": true
    },
    "node_modules/@keyv/serialize": {
      "version": "1.1.1",
      "resolved": "https://registry.npmjs.org/@keyv/serialize/-/serialize-1.1.1.tgz",
      "integrity": "sha512-dXn3FZhPv0US+7dtJsIi2R+c7qWYiReoEh5zUntWCf4oSpMNib8FDhSoed6m3QyZdx5hK7iLFkYk3rNxwt8vTA==",
      "dev": true
    },
    "node_modules/@sec-ant/readable-stream": {
      "version": "0.4.1",
      "resolved": "https://registry.npmjs.org/@sec-ant/readable-stream/-/readable-stream-0.4.1.tgz",
      "integrity": "sha512-831qok9r2t8AlxLko40y2ebgSDhenenCatLVeW/uBtnHPyhHOvG0C7TvfgecV+wHzIm5KUICgzmVpWS+IMEAeg==",
      "dev": true
    },
    "node_modules/@sentry-internal/browser-utils": {
      "version": "10.36.0",
      "resolved": "https://registry.npmjs.org/@sentry-internal/browser-utils/-/browser-utils-10.36.0.tgz",
      "integrity": "sha512-WILVR8HQBWOxbqLRuTxjzRCMIACGsDTo6jXvzA8rz6ezElElLmIrn3CFAswrESLqEEUa4CQHl5bLgSVJCRNweA==",
      "dev": true,
      "dependencies": {
        "@sentry/core": "10.36.0"
      },
      "engines": {
        "node": ">=18"
      }
    },
    "node_modules/@sentry-internal/feedback": {
      "version": "10.36.0",
      "resolved": "https://registry.npmjs.org/@sentry-internal/feedback/-/feedback-10.36.0.tgz",
      "integrity": "sha512-zPjz7AbcxEyx8AHj8xvp28fYtPTPWU1XcNtymhAHJLS9CXOblqSC7W02Jxz6eo3eR1/pLyOo6kJBUjvLe9EoFA==",
      "dev": true,
      "dependencies": {
        "@sentry/core": "10.36.0"
      },
      "engines": {
        "node": ">=18"
      }
    },
    "node_modules/@sentry-internal/replay": {
      "version": "10.36.0",
      "resolved": "https://registry.npmjs.org/@sentry-internal/replay/-/replay-10.36.0.tgz",
      "integrity": "sha512-nLMkJgvHq+uCCrQKV2KgSdVHxTsmDk0r2hsAoTcKCbzUpXyW5UhCziMRS6ULjBlzt5sbxoIIplE25ZpmIEeNgg==",
      "dev": true,
      "dependencies": {
        "@sentry-internal/browser-utils": "10.36.0",
        "@sentry/core": "10.36.0"
      },
      "engines": {
        "node": ">=18"
      }
    },
    "node_modules/@sentry-internal/replay-canvas": {
      "version": "10.36.0",
      "resolved": "https://registry.npmjs.org/@sentry-internal/replay-canvas/-/replay-canvas-10.36.0.tgz",
      "integrity": "sha512-DLGIwmT2LX+O6TyYPtOQL5GiTm2rN0taJPDJ/Lzg2KEJZrdd5sKkzTckhh2x+vr4JQyeaLmnb8M40Ch1hvG/vQ==",
      "dev": true,
      "dependencies": {
        "@sentry-internal/replay": "10.36.0",
        "@sentry/core": "10.36.0"
      },
      "engines": {
        "node": ">=18"
      }
    },
    "node_modules/@sentry/browser": {
      "version": "10.36.0",
      "resolved": "https://registry.npmjs.org/@sentry/browser/-/browser-10.36.0.tgz",
      "integrity": "sha512-yHhXbgdGY1s+m8CdILC9U/II7gb6+s99S2Eh8VneEn/JG9wHc+UOzrQCeFN0phFP51QbLkjkiQbbanjT1HP8UQ==",
      "dev": true,
      "dependencies": {
        "@sentry-internal/browser-utils": "10.36.0",
        "@sentry-internal/feedback": "10.36.0",
        "@sentry-internal/replay": "10.36.0",
        "@sentry-internal/replay-canvas": "10.36.0",
        "@sentry/core": "10.36.0"
      },
      "engines": {
        "node": ">=18"
      }
    },
    "node_modules/@sentry/core": {
      "version": "10.36.0",
      "resolved": "https://registry.npmjs.org/@sentry/core/-/core-10.36.0.tgz",
      "integrity": "sha512-EYJjZvofI+D93eUsPLDIUV0zQocYqiBRyXS6CCV6dHz64P/Hob5NJQOwPa8/v6nD+UvJXvwsFfvXOHhYZhZJOQ==",
      "dev": true,
      "engines": {
        "node": ">=18"
      }
    },
    "node_modules/@sindresorhus/is": {
      "version": "7.2.0",
      "resolved": "https://registry.npmjs.org/@sindresorhus/is/-/is-7.2.0.tgz",
      "integrity": "sha512-P1Cz1dWaFfR4IR+U13mqqiGsLFf1KbayybWwdd2vfctdV6hDpUkgCY0nKOLLTMSoRd/jJNjtbqzf13K8DCCXQw==",
      "dev": true,
      "engines": {
        "node": ">=18"
      },
      "funding": {
        "url": "https://github.com/sindresorhus/is?sponsor=1"
      }
    },
    "node_modules/@types/http-cache-semantics": {
      "version": "4.0.4",
      "resolved": "https://registry.npmjs.org/@types/http-cache-semantics/-/http-cache-semantics-4.0.4.tgz",
      "integrity": "sha512-1m0bIFVc7eJWyve9S0RnuRgcQqF/Xd5QsUZAZeQFr1Q3/p9JWoQQEqmVy+DPTNpGXwhgIetAoYF8JSc33q29QA==",
      "dev": true
    },
    "node_modules/argparse": {
      "version": "2.0.1",
      "resolved": "https://registry.npmjs.org/argparse/-/argparse-2.0.1.tgz",
      "integrity": "sha512-8+9WqebbFzpX9OR+Wa6O29asIogeRMzcGtAINdpMHHyAg10f05aSFVBbcEqGf/PXw1EjAZ+q2/bEBg3DvurK3Q==",
      "dev": true
    },
    "node_modules/byte-counter": {
      "version": "0.1.0",
      "resolved": "https://registry.npmjs.org/byte-counter/-/byte-counter-0.1.0.tgz",
      "integrity": "sha512-jheRLVMeUKrDBjVw2O5+k4EvR4t9wtxHL+bo/LxfkxsVeuGMy3a5SEGgXdAFA4FSzTrU8rQXQIrsZ3oBq5a0pQ==",
      "dev": true,
      "engines": {
        "node": ">=20"
      },
      "funding": {
        "url": "https://github.com/sponsors/sindresorhus"
      }
    },
    "node_modules/cacheable-lookup": {
      "version": "7.0.0",
      "resolved": "https://registry.npmjs.org/cacheable-lookup/-/cacheable-lookup-7.0.0.tgz",
      "integrity": "sha512-+qJyx4xiKra8mZrcwhjMRMUhD5NR1R8esPkzIYxX96JiecFoxAXFuz/GpR3+ev4PE1WamHip78wV0vcmPQtp8w==",
      "dev": true,
      "engines": {
        "node": ">=14.16"
      }
    },
    "node_modules/cacheable-request": {
      "version": "13.0.18",
      "resolved": "https://registry.npmjs.org/cacheable-request/-/cacheable-request-13.0.18.tgz",
      "integrity": "sha512-rFWadDRKJs3s2eYdXlGggnBZKG7MTblkFBB0YllFds+UYnfogDp2wcR6JN97FhRkHTvq59n2vhNoHNZn29dh/Q==",
      "dev": true,
      "dependencies": {
        "@types/http-cache-semantics": "^4.0.4",
        "get-stream": "^9.0.1",
        "http-cache-semantics": "^4.2.0",
        "keyv": "^5.5.5",
        "mimic-response": "^4.0.0",
        "normalize-url": "^8.1.1",
        "responselike": "^4.0.2"
      },
      "engines": {
        "node": ">=18"
      }
    },
    "node_modules/decompress-response": {
      "version": "10.0.0",
      "resolved": "https://registry.npmjs.org/decompress-response/-/decompress-response-10.0.0.tgz",
      "integrity": "sha512-oj7KWToJuuxlPr7VV0vabvxEIiqNMo+q0NueIiL3XhtwC6FVOX7Hr1c0C4eD0bmf7Zr+S/dSf2xvkH3Ad6sU3Q==",
      "dev": true,
      "dependencies": {
        "mimic-response": "^4.0.0"
      },
      "engines": {
        "node": ">=20"
      },
      "funding": {
        "url": "https://github.com/sponsors/sindresorhus"
      }
    },
    "node_modules/form-data-encoder": {
      "version": "4.1.0",
      "resolved": "https://registry.npmjs.org/form-data-encoder/-/form-data-encoder-4.1.0.tgz",
      "integrity": "sha512-G6NsmEW15s0Uw9XnCg+33H3ViYRyiM0hMrMhhqQOR8NFc5GhYrI+6I3u7OTw7b91J2g8rtvMBZJDbcGb2YUniw==",
      "dev": true,
      "engines": {
        "node": ">= 18"
      }
    },
    "node_modules/get-stream": {
      "version": "9.0.1",
      "resolved": "https://registry.npmjs.org/get-stream/-/get-stream-9.0.1.tgz",
      "integrity": "sha512-kVCxPF3vQM/N0B1PmoqVUqgHP+EeVjmZSQn+1oCRPxd2P21P2F19lIgbR3HBosbB1PUhOAoctJnfEn2GbN2eZA==",
      "dev": true,
      "dependencies": {
        "@sec-ant/readable-stream": "^0.4.1",
        "is-stream": "^4.0.1"
      },
      "engines": {
        "node": ">=18"
      },
      "funding": {
        "url": "https://github.com/sponsors/sindresorhus"
      }
    },
    "node_modules/got": {
      "version": "14.6.6",
      "resolved": "https://registry.npmjs.org/got/-/got-14.6.6.tgz",
      "integrity": "sha512-QLV1qeYSo5l13mQzWgP/y0LbMr5Plr5fJilgAIwgnwseproEbtNym8xpLsDzeZ6MWXgNE6kdWGBjdh3zT/Qerg==",
      "dev": true,
      "dependencies": {
        "@sindresorhus/is": "^7.0.1",
        "byte-counter": "^0.1.0",
        "cacheable-lookup": "^7.0.0",
        "cacheable-request": "^13.0.12",
        "decompress-response": "^10.0.0",
        "form-data-encoder": "^4.0.2",
        "http2-wrapper": "^2.2.1",
        "keyv": "^5.5.3",
        "lowercase-keys": "^3.0.0",
        "p-cancelable": "^4.0.1",
        "responselike": "^4.0.2",
        "type-fest": "^4.26.1"
      },
      "engines": {
        "node": ">=20"
      },
      "funding": {
        "url": "https://github.com/sindresorhus/got?sponsor=1"
      }
    },
    "node_modules/http-cache-semantics": {
      "version": "4.2.0",
      "resolved": "https://registry.npmjs.org/http-cache-semantics/-/http-cache-semantics-4.2.0.tgz",
      "integrity": "sha512-dTxcvPXqPvXBQpq5dUr6mEMJX4oIEFv6bwom3FDwKRDsuIjjJGANqhBuoAn9c1RQJIdAKav33ED65E2ys+87QQ==",
      "dev": true
    },
    "node_modules/http2-wrapper": {
      "version": "2.2.1",
      "resolved": "https://registry.npmjs.org/http2-wrapper/-/http2-wrapper-2.2.1.tgz",
      "integrity": "sha512-V5nVw1PAOgfI3Lmeaj2Exmeg7fenjhRUgz1lPSezy1CuhPYbgQtbQj4jZfEAEMlaL+vupsvhjqCyjzob0yxsmQ==",
      "dev": true,
      "dependencies": {
        "quick-lru": "^5.1.1",
        "resolve-alpn": "^1.2.0"
      },
      "engines": {
        "node": ">=10.19.0"
      }
    },
    "node_modules/is-stream": {
      "version": "4.0.1",
      "resolved": "https://registry.npmjs.org/is-stream/-/is-stream-4.0.1.tgz",
      "integrity": "sha512-Dnz92NInDqYckGEUJv689RbRiTSEHCQ7wOVeALbkOz999YpqT46yMRIGtSNl2iCL1waAZSx40+h59NV/EwzV/A==",
      "dev": true,
      "engines": {
        "node": ">=18"
      },
      "funding": {
        "url": "https://github.com/sponsors/sindresorhus"
      }
    },
    "node_modules/js-yaml": {
      "version": "4.1.1",
      "resolved": "https://registry.npmjs.org/js-yaml/-/js-yaml-4.1.1.tgz",
      "integrity": "sha512-qQKT4zQxXl8lLwBtHMWwaTcGfFOZviOJet3Oy/xmGk2gZH677CJM9EvtfdSkgWcATZhj/55JZ0rmy3myCT5lsA==",
      "dev": true,
      "dependencies": {
        "argparse": "^2.0.1"
      },
      "bin": {
        "js-yaml": "bin/js-yaml.js"
      }
    },
    "node_modules/keyv": {
      "version": "5.6.0",
      "resolved": "https://registry.npmjs.org/keyv/-/keyv-5.6.0.tgz",
      "integrity": "sha512-CYDD3SOtsHtyXeEORYRx2qBtpDJFjRTGXUtmNEMGyzYOKj1TE3tycdlho7kA1Ufx9OYWZzg52QFBGALTirzDSw==",
      "dev": true,
      "dependencies": {
        "@keyv/serialize": "^1.1.1"
      }
    },
    "node_modules/lowercase-keys": {
      "version": "3.0.0",
      "resolved": "https://registry.npmjs.org/lowercase-keys/-/lowercase-keys-3.0.0.tgz",
      "integrity": "sha512-ozCC6gdQ+glXOQsveKD0YsDy8DSQFjDTz4zyzEHNV5+JP5D62LmfDZ6o1cycFx9ouG940M5dE8C8CTewdj2YWQ==",
      "dev": true,
      "engines": {
        "node": "^12.20.0 || ^14.13.1 || >=16.0.0"
      },
      "funding": {
        "url": "https://github.com/sponsors/sindresorhus"
      }
    },
    "node_modules/mimic-response": {
      "version": "4.0.0",
      "resolved": "https://registry.npmjs.org/mimic-response/-/mimic-response-4.0.0.tgz",
      "integrity": "sha512-e5ISH9xMYU0DzrT+jl8q2ze9D6eWBto+I8CNpe+VI+K2J/F/k3PdkdTdz4wvGVH4NTpo+NRYTVIuMQEMMcsLqg==",
      "dev": true,
      "engines": {
        "node": "^12.20.0 || ^14.13.1 || >=16.0.0"
      },
      "funding": {
        "url": "https://github.com/sponsors/sindresorhus"
      }
    },
    "node_modules/normalize-url": {
      "version": "8.1.1",
      "resolved": "https://registry.npmjs.org/normalize-url/-/normalize-url-8.1.1.tgz",
      "integrity": "sha512-JYc0DPlpGWB40kH5g07gGTrYuMqV653k3uBKY6uITPWds3M0ov3GaWGp9lbE3Bzngx8+XkfzgvASb9vk9JDFXQ==",
      "dev": true,
      "engines": {
        "node": ">=14.16"
      },
      "funding": {
        "url": "https://github.com/sponsors/sindresorhus"
      }
    },
    "node_modules/p-cancelable": {
      "version": "4.0.1",
      "resolved": "https://registry.npmjs.org/p-cancelable/-/p-cancelable-4.0.1.tgz",
      "integrity": "sha512-wBowNApzd45EIKdO1LaU+LrMBwAcjfPaYtVzV3lmfM3gf8Z4CHZsiIqlM8TZZ8okYvh5A1cP6gTfCRQtwUpaUg==",
      "dev": true,
      "engines": {
        "node": ">=14.16"
      }
    },
    "node_modules/quick-lru": {
      "version": "5.1.1",
      "resolved": "https://registry.npmjs.org/quick-lru/-/quick-lru-5.1.1.tgz",
      "integrity": "sha512-WuyALRjWPDGtt/wzJiadO5AXY+8hZ80hVpe6MyivgraREW751X3SbhRvG3eLKOYN+8VEvqLcf3wdnt44Z4S4SA==",
      "dev": true,
      "engines": {
        "node": ">=10"
      },
      "funding": {
        "url": "https://github.com/sponsors/sindresorhus"
      }
    },
    "node_modules/resolve-alpn": {
      "version": "1.2.1",
      "resolved": "https://registry.npmjs.org/resolve-alpn/-/resolve-alpn-1.2.1.tgz",
      "integrity": "sha512-0a1F4l73/ZFZOakJnQ3FvkJ2+gSTQWz/r2KE5OdDY0TxPm5h4GkqkWWfM47T7HsbnOtcJVEF4epCVy6u7Q3K+g==",
      "dev": true
    },
    "node_modules/responselike": {
      "version": "4.0.2",
      "resolved": "https://registry.npmjs.org/responselike/-/responselike-4.0.2.tgz",
      "integrity": "sha512-cGk8IbWEAnaCpdAt1BHzJ3Ahz5ewDJa0KseTsE3qIRMJ3C698W8psM7byCeWVpd/Ha7FUYzuRVzXoKoM6nRUbA==",
      "dev": true,
      "dependencies": {
        "lowercase-keys": "^3.0.0"
      },
      "engines": {
        "node": ">=20"
      },
      "funding": {
        "url": "https://github.com/sponsors/sindresorhus"
      }
    },
    "node_modules/type-fest": {
      "version": "4.41.0",
      "resolved": "https://registry.npmjs.org/type-fest/-/type-fest-4.41.0.tgz",
      "integrity": "sha512-TeTSQ6H5YHvpqVwBRcnLDCBnDOHWYu7IvGbHT6N8AOymcr9PJGjc1GTtiWZTYg0NCgYwvnYWEkVChQAr9bjfwA==",
      "dev": true,
      "engines": {
        "node": ">=16"
      },
      "funding": {
        "url": "https://github.com/sponsors/sindresorhus"
      }
    }
  }
}
